
Microsoft Visual Studio Solution File, Format Version 12.00
# Visual Studio Version 16
VisualStudioVersion = 25.0.1706.4
MinimumVisualStudioVersion = 10.0.40219.1
Project("{FAE04EC0-301F-11D3-BF4B-00C04F79EFBC}") = "CleanArchMvc.Domain", "CleanArchMvc.Domain.csproj", "{C8C0BFAD-9075-4EC9-B168-D7D18832F655}"
EndProject
Global
	GlobalSection(SolutionConfigurationPlatforms) = preSolution
		Debug|Any CPU = Debug|Any CPU
		Release|Any CPU = Release|Any CPU
	EndGlobalSection
	GlobalSection(ProjectConfigurationPlatforms) = postSolution
		{C8C0BFAD-9075-4EC9-B168-D7D18832F655}.Debug|Any CPU.ActiveCfg = Debug|Any CPU
		{C8C0BFAD-9075-4EC9-B168-D7D18832F655}.Debug|Any CPU.Build.0 = Debug|Any CPU
		{C8C0BFAD-9075-4EC9-B168-D7D18832F655}.Release|Any CPU.ActiveCfg = Release|Any CPU
		{C8C0BFAD-9075-4EC9-B168-D7D18832F655}.Release|Any CPU.Build.0 = Release|Any CPU
	EndGlobalSection
	GlobalSection(SolutionProperties) = preSolution
		HideSolutionNode = FALSE
	EndGlobalSection
	GlobalSection(ExtensibilityGlobals) = postSolution
		SolutionGuid = {BC1FD9BE-26A0-45D4-B730-94194B8DCA31}
	EndGlobalSection
EndGlobal
